
Microsoft Visual Studio Solution File, Format Version 12.00
# Visual Studio Version 16
VisualStudioVersion = 16.0.31624.102
MinimumVisualStudioVersion = 10.0.40219.1
Project("{FAE04EC0-301F-11D3-BF4B-00C04F79EFBC}") = "RazorPages_MasterDetailApp", "RazorPages_MasterDetailApp.csproj", "{7029D0C6-A8FA-4E0C-92E8-A334F077BB1F}"
EndProject
Global
	GlobalSection(SolutionConfigurationPlatforms) = preSolution
		Debug|Any CPU = Debug|Any CPU
		Release|Any CPU = Release|Any CPU
	EndGlobalSection
	GlobalSection(ProjectConfigurationPlatforms) = postSolution
		{7029D0C6-A8FA-4E0C-92E8-A334F077BB1F}.Debug|Any CPU.ActiveCfg = Debug|Any CPU
		{7029D0C6-A8FA-4E0C-92E8-A334F077BB1F}.Debug|Any CPU.Build.0 = Debug|Any CPU
		{7029D0C6-A8FA-4E0C-92E8-A334F077BB1F}.Release|Any CPU.ActiveCfg = Release|Any CPU
		{7029D0C6-A8FA-4E0C-92E8-A334F077BB1F}.Release|Any CPU.Build.0 = Release|Any CPU
	EndGlobalSection
	GlobalSection(SolutionProperties) = preSolution
		HideSolutionNode = FALSE
	EndGlobalSection
	GlobalSection(ExtensibilityGlobals) = postSolution
		SolutionGuid = {AA9AA356-B272-4C52-85D4-AD6435BBEDA1}
	EndGlobalSection
EndGlobal
